// !$*UTF8*$!
{
	archiveVersion = 1;
	classes = {
	};
	objectVersion = 46;
	objects = {

/* Begin PBXBuildFile section */
		87C2C1741E38436F0078E887 /* AppDelegate.swift in Sources */ = {isa = PBXBuildFile; fileRef = 87C2C1731E38436F0078E887 /* AppDelegate.swift */; };
		87C2C1761E38436F0078E887 /* ViewController.swift in Sources */ = {isa = PBXBuildFile; fileRef = 87C2C1751E38436F0078E887 /* ViewController.swift */; };
		87C2C1791E38436F0078E887 /* Main.storyboard in Resources */ = {isa = PBXBuildFile; fileRef = 87C2C1771E38436F0078E887 /* Main.storyboard */; };
		87C2C17B1E38436F0078E887 /* Assets.xcassets in Resources */ = {isa = PBXBuildFile; fileRef = 87C2C17A1E38436F0078E887 /* Assets.xcassets */; };
		87C2C17E1E38436F0078E887 /* LaunchScreen.storyboard in Resources */ = {isa = PBXBuildFile; fileRef = 87C2C17C1E38436F0078E887 /* LaunchScreen.storyboard */; };
		87C2C1891E38436F0078E887 /* muneyTests.swift in Sources */ = {isa = PBXBuildFile; fileRef = 87C2C1881E38436F0078E887 /* muneyTests.swift */; };
		87C2C1941E38436F0078E887 /* muneyUITests.swift in Sources */ = {isa = PBXBuildFile; fileRef = 87C2C1931E38436F0078E887 /* muneyUITests.swift */; };
		87C2C1A41E3844B30078E887 /* Keys.swift in Sources */ = {isa = PBXBuildFile; fileRef = 87C2C1A31E3844B30078E887 /* Keys.swift */; };
/* End PBXBuildFile section */

/* Begin PBXContainerItemProxy section */
		87C2C1851E38436F0078E887 /* PBXContainerItemProxy */ = {
			isa = PBXContainerItemProxy;
			containerPortal = 87C2C1681E38436E0078E887 /* Project object */;
			proxyType = 1;
			remoteGlobalIDString = 87C2C16F1E38436E0078E887;
			remoteInfo = muney;
		};
		87C2C1901E38436F0078E887 /* PBXContainerItemProxy */ = {
			isa = PBXContainerItemProxy;
			containerPortal = 87C2C1681E38436E0078E887 /* Project object */;
			proxyType = 1;
			remoteGlobalIDString = 87C2C16F1E38436E0078E887;
			remoteInfo = muney;
		};
/* End PBXContainerItemProxy section */

/* Begin PBXFileReference section */
		87C2C1701E38436F0078E887 /* muney.app */ = {isa = PBXFileReference; explicitFileType = wrapper.application; includeInIndex = 0; path = muney.app; sourceTree = BUILT_PRODUCTS_DIR; };
		87C2C1731E38436F0078E887 /* AppDelegate.swift */ = {isa = PBXFileReference; lastKnownFileType = sourcecode.swift; path = AppDelegate.swift; sourceTree = "<group>"; };
		87C2C1751E38436F0078E887 /* ViewController.swift */ = {isa = PBXFileReference; lastKnownFileType = sourcecode.swift; path = ViewController.swift; sourceTree = "<group>"; };
		87C2C1781E38436F0078E887 /* Base */ = {isa = PBXFileReference; lastKnownFileType = file.storyboard; name = Base; path = Base.lproj/Main.storyboard; sourceTree = "<group>"; };
		87C2C17A1E38436F0078E887 /* Assets.xcassets */ = {isa = PBXFileReference; lastKnownFileType = folder.assetcatalog; path = Assets.xcassets; sourceTree = "<group>"; };
		87C2C17D1E38436F0078E887 /* Base */ = {isa = PBXFileReference; lastKnownFileType = file.storyboard; name = Base; path = Base.lproj/LaunchScreen.storyboard; sourceTree = "<group>"; };
		87C2C17F1E38436F0078E887 /* Info.plist */ = {isa = PBXFileReference; lastKnownFileType = text.plist.xml; path = Info.plist; sourceTree = "<group>"; };
		87C2C1841E38436F0078E887 /* muneyTests.xctest */ = {isa = PBXFileReference; explicitFileType = wrapper.cfbundle; includeInIndex = 0; path = muneyTests.xctest; sourceTree = BUILT_PRODUCTS_DIR; };
		87C2C1881E38436F0078E887 /* muneyTests.swift */ = {isa = PBXFileReference; lastKnownFileType = sourcecode.swift; path = muneyTests.swift; sourceTree = "<group>"; };
		87C2C18A1E38436F0078E887 /* Info.plist */ = {isa = PBXFileReference; lastKnownFileType = text.plist.xml; path = Info.plist; sourceTree = "<group>"; };
		87C2C18F1E38436F0078E887 /* muneyUITests.xctest */ = {isa = PBXFileReference; explicitFileType = wrapper.cfbundle; includeInIndex = 0; path = muneyUITests.xctest; sourceTree = BUILT_PRODUCTS_DIR; };
		87C2C1931E38436F0078E887 /* muneyUITests.swift */ = {isa = PBXFileReference; lastKnownFileType = sourcecode.swift; path = muneyUITests.swift; sourceTree = "<group>"; };
		87C2C1951E38436F0078E887 /* Info.plist */ = {isa = PBXFileReference; lastKnownFileType = text.plist.xml; path = Info.plist; sourceTree = "<group>"; };
		87C2C1A31E3844B30078E887 /* Keys.swift */ = {isa = PBXFileReference; fileEncoding = 4; lastKnownFileType = sourcecode.swift; path = Keys.swift; sourceTree = "<group>"; };
/* End PBXFileReference section */

/* Begin PBXFrameworksBuildPhase section */
		87C2C16D1E38436E0078E887 /* Frameworks */ = {
			isa = PBXFrameworksBuildPhase;
			buildActionMask = 2147483647;
			files = (
			);
			runOnlyForDeploymentPostprocessing = 0;
		};
		87C2C1811E38436F0078E887 /* Frameworks */ = {
			isa = PBXFrameworksBuildPhase;
			buildActionMask = 2147483647;
			files = (
			);
			runOnlyForDeploymentPostprocessing = 0;
		};
		87C2C18C1E38436F0078E887 /* Frameworks */ = {
			isa = PBXFrameworksBuildPhase;
			buildActionMask = 2147483647;
			files = (
			);
			runOnlyForDeploymentPostprocessing = 0;
		};
/* End PBXFrameworksBuildPhase section */

/* Begin PBXGroup section */
		87C2C1671E38436E0078E887 = {
			isa = PBXGroup;
			children = (
				87C2C1A31E3844B30078E887 /* Keys.swift */,
				87C2C1721E38436F0078E887 /* muney */,
				87C2C1871E38436F0078E887 /* muneyTests */,
				87C2C1921E38436F0078E887 /* muneyUITests */,
				87C2C1711E38436F0078E887 /* Products */,
			);
			sourceTree = "<group>";
		};
		87C2C1711E38436F0078E887 /* Products */ = {
			isa = PBXGroup;
			children = (
				87C2C1701E38436F0078E887 /* muney.app */,
				87C2C1841E38436F0078E887 /* muneyTests.xctest */,
				87C2C18F1E38436F0078E887 /* muneyUITests.xctest */,
			);
			name = Products;
			sourceTree = "<group>";
		};
		87C2C1721E38436F0078E887 /* muney */ = {
			isa = PBXGroup;
			children = (
				87C2C1731E38436F0078E887 /* AppDelegate.swift */,
				87C2C1751E38436F0078E887 /* ViewController.swift */,
				87C2C1771E38436F0078E887 /* Main.storyboard */,
				87C2C17A1E38436F0078E887 /* Assets.xcassets */,
				87C2C17C1E38436F0078E887 /* LaunchScreen.storyboard */,
				87C2C17F1E38436F0078E887 /* Info.plist */,
			);
			path = muney;
			sourceTree = "<group>";
		};
		87C2C1871E38436F0078E887 /* muneyTests */ = {
			isa = PBXGroup;
			children = (
				87C2C1881E38436F0078E887 /* muneyTests.swift */,
				87C2C18A1E38436F0078E887 /* Info.plist */,
			);
			path = muneyTests;
			sourceTree = "<group>";
		};
		87C2C1921E38436F0078E887 /* muneyUITests */ = {
			isa = PBXGroup;
			children = (
				87C2C1931E38436F0078E887 /* muneyUITests.swift */,
				87C2C1951E38436F0078E887 /* Info.plist */,
			);
			path = muneyUITests;
			sourceTree = "<group>";
		};
/* End PBXGroup section */

/* Begin PBXNativeTarget section */
		87C2C16F1E38436E0078E887 /* muney */ = {
			isa = PBXNativeTarget;
			buildConfigurationList = 87C2C1981E38436F0078E887 /* Build configuration list for PBXNativeTarget "muney" */;
			buildPhases = (
				87C2C16C1E38436E0078E887 /* Sources */,
				87C2C16D1E38436E0078E887 /* Frameworks */,
				87C2C16E1E38436E0078E887 /* Resources */,
			);
			buildRules = (
			);
			dependencies = (
			);
			name = muney;
			productName = muney;
			productReference = 87C2C1701E38436F0078E887 /* muney.app */;
			productType = "com.apple.product-type.application";
		};
		87C2C1831E38436F0078E887 /* muneyTests */ = {
			isa = PBXNativeTarget;
			buildConfigurationList = 87C2C19B1E38436F0078E887 /* Build configuration list for PBXNativeTarget "muneyTests" */;
			buildPhases = (
				87C2C1801E38436F0078E887 /* Sources */,
				87C2C1811E38436F0078E887 /* Frameworks */,
				87C2C1821E38436F0078E887 /* Resources */,
			);
			buildRules = (
			);
			dependencies = (
				87C2C1861E38436F0078E887 /* PBXTargetDependency */,
			);
			name = muneyTests;
			productName = muneyTests;
			productReference = 87C2C1841E38436F0078E887 /* muneyTests.xctest */;
			productType = "com.apple.product-type.bundle.unit-test";
		};
		87C2C18E1E38436F0078E887 /* muneyUITests */ = {
			isa = PBXNativeTarget;
			buildConfigurationList = 87C2C19E1E38436F0078E887 /* Build configuration list for PBXNativeTarget "muneyUITests" */;
			buildPhases = (
				87C2C18B1E38436F0078E887 /* Sources */,
				87C2C18C1E38436F0078E887 /* Frameworks */,
				87C2C18D1E38436F0078E887 /* Resources */,
			);
			buildRules = (
			);
			dependencies = (
				87C2C1911E38436F0078E887 /* PBXTargetDependency */,
			);
			name = muneyUITests;
			productName = muneyUITests;
			productReference = 87C2C18F1E38436F0078E887 /* muneyUITests.xctest */;
			productType = "com.apple.product-type.bundle.ui-testing";
		};
/* End PBXNativeTarget section */

/* Begin PBXProject section */
		87C2C1681E38436E0078E887 /* Project object */ = {
			isa = PBXProject;
			attributes = {
				LastSwiftUpdateCheck = 0820;
				LastUpgradeCheck = 0820;
				ORGANIZATIONNAME = "Sanjna Verma";
				TargetAttributes = {
					87C2C16F1E38436E0078E887 = {
						CreatedOnToolsVersion = 8.2.1;
						DevelopmentTeam = 247UT9T8WT;
						ProvisioningStyle = Automatic;
					};
					87C2C1831E38436F0078E887 = {
						CreatedOnToolsVersion = 8.2.1;
						ProvisioningStyle = Automatic;
						TestTargetID = 87C2C16F1E38436E0078E887;
					};
					87C2C18E1E38436F0078E887 = {
						CreatedOnToolsVersion = 8.2.1;
						ProvisioningStyle = Automatic;
						TestTargetID = 87C2C16F1E38436E0078E887;
					};
				};
			};
			buildConfigurationList = 87C2C16B1E38436E0078E887 /* Build configuration list for PBXProject "muney" */;
			compatibilityVersion = "Xcode 3.2";
			developmentRegion = English;
			hasScannedForEncodings = 0;
			knownRegions = (
				en,
				Base,
			);
			mainGroup = 87C2C1671E38436E0078E887;
			productRefGroup = 87C2C1711E38436F0078E887 /* Products */;
			projectDirPath = "";
			projectRoot = "";
			targets = (
				87C2C16F1E38436E0078E887 /* muney */,
				87C2C1831E38436F0078E887 /* muneyTests */,
				87C2C18E1E38436F0078E887 /* muneyUITests */,
			);
		};
/* End PBXProject section */

/* Begin PBXResourcesBuildPhase section */
		87C2C16E1E38436E0078E887 /* Resources */ = {
			isa = PBXResourcesBuildPhase;
			buildActionMask = 2147483647;
			files = (
				87C2C17E1E38436F0078E887 /* LaunchScreen.storyboard in Resources */,
				87C2C17B1E38436F0078E887 /* Assets.xcassets in Resources */,
				87C2C1791E38436F0078E887 /* Main.storyboard in Resources */,
			);
			runOnlyForDeploymentPostprocessing = 0;
		};
		87C2C1821E38436F0078E887 /* Resources */ = {
			isa = PBXResourcesBuildPhase;
			buildActionMask = 2147483647;
			files = (
			);
			runOnlyForDeploymentPostprocessing = 0;
		};
		87C2C18D1E38436F0078E887 /* Resources */ = {
			isa = PBXResourcesBuildPhase;
			buildActionMask = 2147483647;
			files = (
			);
			runOnlyForDeploymentPostprocessing = 0;
		};
/* End PBXResourcesBuildPhase section */

/* Begin PBXSourcesBuildPhase section */
		87C2C16C1E38436E0078E887 /* Sources */ = {
			isa = PBXSourcesBuildPhase;
			buildActionMask = 2147483647;
			files = (
				87C2C1761E38436F0078E887 /* ViewController.swift in Sources */,
				87C2C1A41E3844B30078E887 /* Keys.swift in Sources */,
				87C2C1741E38436F0078E887 /* AppDelegate.swift in Sources */,
			);
			runOnlyForDeploymentPostprocessing = 0;
		};
		87C2C1801E38436F0078E887 /* Sources */ = {
			isa = PBXSourcesBuildPhase;
			buildActionMask = 2147483647;
			files = (
				87C2C1891E38436F0078E887 /* muneyTests.swift in Sources */,
			);
			runOnlyForDeploymentPostprocessing = 0;
		};
		87C2C18B1E38436F0078E887 /* Sources */ = {
			isa = PBXSourcesBuildPhase;
			buildActionMask = 2147483647;
			files = (
				87C2C1941E38436F0078E887 /* muneyUITests.swift in Sources */,
			);
			runOnlyForDeploymentPostprocessing = 0;
		};
/* End PBXSourcesBuildPhase section */

/* Begin PBXTargetDependency section */
		87C2C1861E38436F0078E887 /* PBXTargetDependency */ = {
			isa = PBXTargetDependency;
			target = 87C2C16F1E38436E0078E887 /* muney */;
			targetProxy = 87C2C1851E38436F0078E887 /* PBXContainerItemProxy */;
		};
		87C2C1911E38436F0078E887 /* PBXTargetDependency */ = {
			isa = PBXTargetDependency;
			target = 87C2C16F1E38436E0078E887 /* muney */;
			targetProxy = 87C2C1901E38436F0078E887 /* PBXContainerItemProxy */;
		};
/* End PBXTargetDependency section */

/* Begin PBXVariantGroup section */
		87C2C1771E38436F0078E887 /* Main.storyboard */ = {
			isa = PBXVariantGroup;
			children = (
				87C2C1781E38436F0078E887 /* Base */,
			);
			name = Main.storyboard;
			sourceTree = "<group>";
		};
		87C2C17C1E38436F0078E887 /* LaunchScreen.storyboard */ = {
			isa = PBXVariantGroup;
			children = (
				87C2C17D1E38436F0078E887 /* Base */,
			);
			name = LaunchScreen.storyboard;
			sourceTree = "<group>";
		};
/* End PBXVariantGroup section */

/* Begin XCBuildConfiguration section */
		87C2C1961E38436F0078E887 /* Debug */ = {
			isa = XCBuildConfiguration;
			buildSettings = {
				ALWAYS_SEARCH_USER_PATHS = NO;
				CLANG_ANALYZER_NONNULL = YES;
				CLANG_CXX_LANGUAGE_STANDARD = "gnu++0x";
				CLANG_CXX_LIBRARY = "libc++";
				CLANG_ENABLE_MODULES = YES;
				CLANG_ENABLE_OBJC_ARC = YES;
				CLANG_WARN_BOOL_CONVERSION = YES;
				CLANG_WARN_CONSTANT_CONVERSION = YES;
				CLANG_WARN_DIRECT_OBJC_ISA_USAGE = YES_ERROR;
				CLANG_WARN_DOCUMENTATION_COMMENTS = YES;
				CLANG_WARN_EMPTY_BODY = YES;
				CLANG_WARN_ENUM_CONVERSION = YES;
				CLANG_WARN_INFINITE_RECURSION = YES;
				CLANG_WARN_INT_CONVERSION = YES;
				CLANG_WARN_OBJC_ROOT_CLASS = YES_ERROR;
				CLANG_WARN_SUSPICIOUS_MOVE = YES;
				CLANG_WARN_UNREACHABLE_CODE = YES;
				CLANG_WARN__DUPLICATE_METHOD_MATCH = YES;
				"CODE_SIGN_IDENTITY[sdk=iphoneos*]" = "iPhone Developer";
				COPY_PHASE_STRIP = NO;
				DEBUG_INFORMATION_FORMAT = dwarf;
				ENABLE_STRICT_OBJC_MSGSEND = YES;
				ENABLE_TESTABILITY = YES;
				GCC_C_LANGUAGE_STANDARD = gnu99;
				GCC_DYNAMIC_NO_PIC = NO;
				GCC_NO_COMMON_BLOCKS = YES;
				GCC_OPTIMIZATION_LEVEL = 0;
				GCC_PREPROCESSOR_DEFINITIONS = (
					"DEBUG=1",
					"$(inherited)",
				);
				GCC_WARN_64_TO_32_BIT_CONVERSION = YES;
				GCC_WARN_ABOUT_RETURN_TYPE = YES_ERROR;
				GCC_WARN_UNDECLARED_SELECTOR = YES;
				GCC_WARN_UNINITIALIZED_AUTOS = YES_AGGRESSIVE;
				GCC_WARN_UNUSED_FUNCTION = YES;
				GCC_WARN_UNUSED_VARIABLE = YES;
				IPHONEOS_DEPLOYMENT_TARGET = 10.2;
				MTL_ENABLE_DEBUG_INFO = YES;
				ONLY_ACTIVE_ARCH = YES;
				SDKROOT = iphoneos;
				SWIFT_ACTIVE_COMPILATION_CONDITIONS = DEBUG;
				SWIFT_OPTIMIZATION_LEVEL = "-Onone";
				TARGETED_DEVICE_FAMILY = "1,2";
			};
			name = Debug;
		};
		87C2C1971E38436F0078E887 /* Release */ = {
			isa = XCBuildConfiguration;
			buildSettings = {
				ALWAYS_SEARCH_USER_PATHS = NO;
				CLANG_ANALYZER_NONNULL = YES;
				CLANG_CXX_LANGUAGE_STANDARD = "gnu++0x";
				CLANG_CXX_LIBRARY = "libc++";
				CLANG_ENABLE_MODULES = YES;
				CLANG_ENABLE_OBJC_ARC = YES;
				CLANG_WARN_BOOL_CONVERSION = YES;
				CLANG_WARN_CONSTANT_CONVERSION = YES;
				CLANG_WARN_DIRECT_OBJC_ISA_USAGE = YES_ERROR;
				CLANG_WARN_DOCUMENTATION_COMMENTS = YES;
				CLANG_WARN_EMPTY_BODY = YES;
				CLANG_WARN_ENUM_CONVERSION = YES;
				CLANG_WARN_INFINITE_RECURSION = YES;
				CLANG_WARN_INT_CONVERSION = YES;
				CLANG_WARN_OBJC_ROOT_CLASS = YES_ERROR;
				CLANG_WARN_SUSPICIOUS_MOVE = YES;
				CLANG_WARN_UNREACHABLE_CODE = YES;
				CLANG_WARN__DUPLICATE_METHOD_MATCH = YES;
				"CODE_SIGN_IDENTITY[sdk=iphoneos*]" = "iPhone Developer";
				COPY_PHASE_STRIP = NO;
				DEBUG_INFORMATION_FORMAT = "dwarf-with-dsym";
				ENABLE_NS_ASSERTIONS = NO;
				ENABLE_STRICT_OBJC_MSGSEND = YES;
				GCC_C_LANGUAGE_STANDARD = gnu99;
				GCC_NO_COMMON_BLOCKS = YES;
				GCC_WARN_64_TO_32_BIT_CONVERSION = YES;
				GCC_WARN_ABOUT_RETURN_TYPE = YES_ERROR;
				GCC_WARN_UNDECLARED_SELECTOR = YES;
				GCC_WARN_UNINITIALIZED_AUTOS = YES_AGGRESSIVE;
				GCC_WARN_UNUSED_FUNCTION = YES;
				GCC_WARN_UNUSED_VARIABLE = YES;
				IPHONEOS_DEPLOYMENT_TARGET = 10.2;
				MTL_ENABLE_DEBUG_INFO = NO;
				SDKROOT = iphoneos;
				SWIFT_OPTIMIZATION_LEVEL = "-Owholemodule";
				TARGETED_DEVICE_FAMILY = "1,2";
				VALIDATE_PRODUCT = YES;
			};
			name = Release;
		};
		87C2C1991E38436F0078E887 /* Debug */ = {
			isa = XCBuildConfiguration;
			buildSettings = {
				ASSETCATALOG_COMPILER_APPICON_NAME = AppIcon;
				DEVELOPMENT_TEAM = 247UT9T8WT;
				INFOPLIST_FILE = muney/Info.plist;
				LD_RUNPATH_SEARCH_PATHS = "$(inherited) @executable_path/Frameworks";
				PRODUCT_BUNDLE_IDENTIFIER = "http---www.sanjplusplus.com.muney";
				PRODUCT_NAME = "$(TARGET_NAME)";
				SWIFT_VERSION = 3.0;
			};
			name = Debug;
		};
		87C2C19A1E38436F0078E887 /* Release */ = {
			isa = XCBuildConfiguration;
			buildSettings = {
				ASSETCATALOG_COMPILER_APPICON_NAME = AppIcon;
				DEVELOPMENT_TEAM = 247UT9T8WT;
				INFOPLIST_FILE = muney/Info.plist;
				LD_RUNPATH_SEARCH_PATHS = "$(inherited) @executable_path/Frameworks";
				PRODUCT_BUNDLE_IDENTIFIER = "http---www.sanjplusplus.com.muney";
				PRODUCT_NAME = "$(TARGET_NAME)";
				SWIFT_VERSION = 3.0;
			};
			name = Release;
		};
		87C2C19C1E38436F0078E887 /* Debug */ = {
			isa = XCBuildConfiguration;
			buildSettings = {
				ALWAYS_EMBED_SWIFT_STANDARD_LIBRARIES = YES;
				BUNDLE_LOADER = "$(TEST_HOST)";
				INFOPLIST_FILE = muneyTests/Info.plist;
				LD_RUNPATH_SEARCH_PATHS = "$(inherited) @executable_path/Frameworks @loader_path/Frameworks";
				PRODUCT_BUNDLE_IDENTIFIER = "http---www.sanjplusplus.com.muneyTests";
				PRODUCT_NAME = "$(TARGET_NAME)";
				SWIFT_VERSION = 3.0;
				TEST_HOST = "$(BUILT_PRODUCTS_DIR)/muney.app/muney";
			};
			name = Debug;
		};
		87C2C19D1E38436F0078E887 /* Release */ = {
			isa = XCBuildConfiguration;
			buildSettings = {
				ALWAYS_EMBED_SWIFT_STANDARD_LIBRARIES = YES;
				BUNDLE_LOADER = "$(TEST_HOST)";
				INFOPLIST_FILE = muneyTests/Info.plist;
				LD_RUNPATH_SEARCH_PATHS = "$(inherited) @executable_path/Frameworks @loader_path/Frameworks";
				PRODUCT_BUNDLE_IDENTIFIER = "http---www.sanjplusplus.com.muneyTests";
				PRODUCT_NAME = "$(TARGET_NAME)";
				SWIFT_VERSION = 3.0;
				TEST_HOST = "$(BUILT_PRODUCTS_DIR)/muney.app/muney";
			};
			name = Release;
		};
		87C2C19F1E38436F0078E887 /* Debug */ = {
			isa = XCBuildConfiguration;
			buildSettings = {
				ALWAYS_EMBED_SWIFT_STANDARD_LIBRARIES = YES;
				INFOPLIST_FILE = muneyUITests/Info.plist;
				LD_RUNPATH_SEARCH_PATHS = "$(inherited) @executable_path/Frameworks @loader_path/Frameworks";
				PRODUCT_BUNDLE_IDENTIFIER = "http---www.sanjplusplus.com.muneyUITests";
				PRODUCT_NAME = "$(TARGET_NAME)";
				SWIFT_VERSION = 3.0;
				TEST_TARGET_NAME = muney;
			};
			name = Debug;
		};
		87C2C1A01E38436F0078E887 /* Release */ = {
			isa = XCBuildConfiguration;
			buildSettings = {
				ALWAYS_EMBED_SWIFT_STANDARD_LIBRARIES = YES;
				INFOPLIST_FILE = muneyUITests/Info.plist;
				LD_RUNPATH_SEARCH_PATHS = "$(inherited) @executable_path/Frameworks @loader_path/Frameworks";
				PRODUCT_BUNDLE_IDENTIFIER = "http---www.sanjplusplus.com.muneyUITests";
				PRODUCT_NAME = "$(TARGET_NAME)";
				SWIFT_VERSION = 3.0;
				TEST_TARGET_NAME = muney;
			};
			name = Release;
		};
/* End XCBuildConfiguration section */

/* Begin XCConfigurationList section */
		87C2C16B1E38436E0078E887 /* Build configuration list for PBXProject "muney" */ = {
			isa = XCConfigurationList;
			buildConfigurations = (
				87C2C1961E38436F0078E887 /* Debug */,
				87C2C1971E38436F0078E887 /* Release */,
			);
			defaultConfigurationIsVisible = 0;
			defaultConfigurationName = Release;
		};
		87C2C1981E38436F0078E887 /* Build configuration list for PBXNativeTarget "muney" */ = {
			isa = XCConfigurationList;
			buildConfigurations = (
				87C2C1991E38436F0078E887 /* Debug */,
				87C2C19A1E38436F0078E887 /* Release */,
			);
			defaultConfigurationIsVisible = 0;
			defaultConfigurationName = Release;
		};
		87C2C19B1E38436F0078E887 /* Build configuration list for PBXNativeTarget "muneyTests" */ = {
			isa = XCConfigurationList;
			buildConfigurations = (
				87C2C19C1E38436F0078E887 /* Debug */,
				87C2C19D1E38436F0078E887 /* Release */,
			);
			defaultConfigurationIsVisible = 0;
			defaultConfigurationName = Release;
		};
		87C2C19E1E38436F0078E887 /* Build configuration list for PBXNativeTarget "muneyUITests" */ = {
			isa = XCConfigurationList;
			buildConfigurations = (
				87C2C19F1E38436F0078E887 /* Debug */,
				87C2C1A01E38436F0078E887 /* Release */,
			);
			defaultConfigurationIsVisible = 0;
			defaultConfigurationName = Release;
		};
/* End XCConfigurationList section */
	};
	rootObject = 87C2C1681E38436E0078E887 /* Project object */;
}
